
Microsoft Visual Studio Solution File, Format Version 12.00
# Visual Studio Version 17
VisualStudioVersion = 17.11.35303.130
MinimumVisualStudioVersion = 10.0.40219.1
Project("{2150E333-8FDC-42A3-9474-1A3956D46DE8}") = "Task0", "Task0", "{570956DE-A3A8-4278-B8B9-8DE45DA0D1D0}"
EndProject
Project("{9A19103F-16F7-4668-BE54-9A1E7A4F7556}") = "Tyuiu.ParamonovaVA.Sprint1.Task0.V5", "Tyuiu.ParamonovaVA.Sprint1.Task0.V5\Tyuiu.ParamonovaVA.Sprint1.Task0.V5.csproj", "{575C64D2-CF61-461A-B11E-D6AE9F239B4D}"
EndProject
Project("{9A19103F-16F7-4668-BE54-9A1E7A4F7556}") = "Tyuiu.ParamonovaVA.Sprint1.Task0.V5.Lib", "Tyuiu.ParamonovaVA.Sprint1.Task0.V5.Lib\Tyuiu.ParamonovaVA.Sprint1.Task0.V5.Lib.csproj", "{7C2042CA-00BC-4C88-BACD-0700E6C28E67}"
EndProject
Project("{9A19103F-16F7-4668-BE54-9A1E7A4F7556}") = "Tyuiu.ParamonovaVA.Sprint1.Task0.V5.Test", "Tyuiu.ParamonovaVA.Sprint1.Task0.V5.Test\Tyuiu.ParamonovaVA.Sprint1.Task0.V5.Test.csproj", "{8C403E61-5A05-40E1-A9B4-1ECCACBB378E}"
EndProject
Project("{2150E333-8FDC-42A3-9474-1A3956D46DE8}") = "Task1", "Task1", "{9E8B0808-96B7-4A34-A8BC-F04DB29AD4ED}"
EndProject
Project("{9A19103F-16F7-4668-BE54-9A1E7A4F7556}") = "Tyuiu.ParamonovaVA.Sprint1.Task1.V8", "Tyuiu.ParamonovaVA.Sprint1.Task1.V8\Tyuiu.ParamonovaVA.Sprint1.Task1.V8.csproj", "{EC23E592-0FEE-48BE-9E55-BE810C7983E6}"
EndProject
Project("{9A19103F-16F7-4668-BE54-9A1E7A4F7556}") = "Tyuiu.ParamonovaVA.Sprint1.Task1.V8.Lib", "Tyuiu.ParamonovaVA.Sprint1.Task1.V8.Lib\Tyuiu.ParamonovaVA.Sprint1.Task1.V8.Lib.csproj", "{36043387-1618-4B42-A663-816B619BD615}"
EndProject
Project("{9A19103F-16F7-4668-BE54-9A1E7A4F7556}") = "Tyuiu.ParamonovaVA.Sprint1.Task1.V8.Test", "Tyuiu.ParamonovaVA.Sprint1.Task1.V8.Test\Tyuiu.ParamonovaVA.Sprint1.Task1.V8.Test.csproj", "{1E93FBD7-E26A-462A-B118-39687AE3094F}"
EndProject
Project("{2150E333-8FDC-42A3-9474-1A3956D46DE8}") = "Task2", "Task2", "{A3E781A9-7984-4845-9C17-5C4982EB72AA}"
EndProject
Project("{9A19103F-16F7-4668-BE54-9A1E7A4F7556}") = "Tyuiu.ParamonovaVA.Sprint1.Task2.V27", "Tyuiu.ParamonovaVA.Sprint1.Task2.V27\Tyuiu.ParamonovaVA.Sprint1.Task2.V27.csproj", "{60B8FD2D-6419-4F4C-8F49-6228F555213E}"
EndProject
Project("{9A19103F-16F7-4668-BE54-9A1E7A4F7556}") = "Tyuiu.ParamonovaVA.Sprint1.Task2.V27.Lib", "Tyuiu.ParamonovaVA.Sprint1.Task2.V27.Lib\Tyuiu.ParamonovaVA.Sprint1.Task2.V27.Lib.csproj", "{DE13CB06-8F31-4C70-840E-6958AF95A846}"
EndProject
Project("{9A19103F-16F7-4668-BE54-9A1E7A4F7556}") = "Tyuiu.ParamonovaVA.Sprint1.Task2.V27.Test", "Tyuiu.ParamonovaVA.Sprint1.Task2.V27.Test\Tyuiu.ParamonovaVA.Sprint1.Task2.V27.Test.csproj", "{541656E3-9322-4D7B-B092-0875A074744F}"
EndProject
Project("{2150E333-8FDC-42A3-9474-1A3956D46DE8}") = "Task3", "Task3", "{04C8C959-B4AE-422D-B225-3BACD4B70BBB}"
EndProject
Project("{9A19103F-16F7-4668-BE54-9A1E7A4F7556}") = "Tyuiu.ParamonovaVA.Sprint1.Task3.V9", "Tyuiu.ParamonovaVA.Sprint1.Task3.V9\Tyuiu.ParamonovaVA.Sprint1.Task3.V9.csproj", "{3343B1F4-D86C-4558-AF2D-151C2ED68469}"
EndProject
Project("{9A19103F-16F7-4668-BE54-9A1E7A4F7556}") = "Tyuiu.ParamonovaVA.Sprint1.Task3.V9.Lib", "Tyuiu.ParamonovaVA.Sprint1.Task3.V9.Lib\Tyuiu.ParamonovaVA.Sprint1.Task3.V9.Lib.csproj", "{EFA6EAE8-D448-4C1B-8D22-8DB19B95177D}"
EndProject
Project("{9A19103F-16F7-4668-BE54-9A1E7A4F7556}") = "Tyuiu.ParamonovaVA.Sprint1.Task3.V9.Test", "Tyuiu.ParamonovaVA.Sprint1.Task3.V9.Test\Tyuiu.ParamonovaVA.Sprint1.Task3.V9.Test.csproj", "{1A9CB382-8165-4FC1-B634-517754B16660}"
EndProject
Project("{2150E333-8FDC-42A3-9474-1A3956D46DE8}") = "Task4", "Task4", "{7FD23EE6-E706-4423-AE76-F2BF8A58A315}"
EndProject
Project("{9A19103F-16F7-4668-BE54-9A1E7A4F7556}") = "Tyuiu.ParamonovaVA.Sprint1.Task4.V24", "Tyuiu.ParamonovaVA.Sprint1.Task4.V24\Tyuiu.ParamonovaVA.Sprint1.Task4.V24.csproj", "{6A3A22C3-B968-4260-8106-E8F5497C6CE3}"
EndProject
Project("{9A19103F-16F7-4668-BE54-9A1E7A4F7556}") = "Tyuiu.ParamonovaVA.Sprint1.Task4.V24.Lib", "Tyuiu.ParamonovaVA.Sprint1.Task4.V24.Lib\Tyuiu.ParamonovaVA.Sprint1.Task4.V24.Lib.csproj", "{DD099ABE-813D-4712-85FE-FF907814CC50}"
EndProject
Project("{9A19103F-16F7-4668-BE54-9A1E7A4F7556}") = "Tyuiu.ParamonovaVA.Sprint1.Task4.V24.Test", "Tyuiu.ParamonovaVA.Sprint1.Task4.V24.Test\Tyuiu.ParamonovaVA.Sprint1.Task4.V24.Test.csproj", "{E7909F6E-5C3A-4AE2-BF59-0A4D8CE0B4B3}"
EndProject
Project("{2150E333-8FDC-42A3-9474-1A3956D46DE8}") = "Task5", "Task5", "{A4322F54-D6F4-4757-9646-A7B703A6F8C2}"
EndProject
Project("{FAE04EC0-301F-11D3-BF4B-00C04F79EFBC}") = "Tyuiu.ParamonovaVA.Sprint1.Task5.V7", "Tyuiu.ParamonovaVA.Sprint1.Task5.V7\Tyuiu.ParamonovaVA.Sprint1.Task5.V7.csproj", "{7E0FD5F1-5E80-403B-AC4D-404039FDF931}"
EndProject
Project("{FAE04EC0-301F-11D3-BF4B-00C04F79EFBC}") = "Tyuiu.ParamonovaVA.Sprint1.Task5.V7.Lib", "Tyuiu.ParamonovaVA.Sprint1.Task5.V7.Lib\Tyuiu.ParamonovaVA.Sprint1.Task5.V7.Lib.csproj", "{48E1F0F7-3578-4339-B48F-ED5FC9DEE6CC}"
EndProject
Project("{FAE04EC0-301F-11D3-BF4B-00C04F79EFBC}") = "Tyuiu.ParamonovaVA.Sprint1.Task5.V7.Test", "Tyuiu.ParamonovaVA.Sprint1.Task5.V7.Test\Tyuiu.ParamonovaVA.Sprint1.Task5.V7.Test.csproj", "{E009059D-3F6C-44C6-9858-EE14FF25EB14}"
EndProject
Project("{2150E333-8FDC-42A3-9474-1A3956D46DE8}") = "Task6", "Task6", "{C417861E-8202-4990-8032-EA39CFD92DDD}"
EndProject
Project("{FAE04EC0-301F-11D3-BF4B-00C04F79EFBC}") = "Tyuiu.ParamonovaVA.Sprint1.Task6.V15", "Tyuiu.ParamonovaVA.Sprint1.Task6.V15\Tyuiu.ParamonovaVA.Sprint1.Task6.V15.csproj", "{8B8ED58C-4BE9-4A5E-9EE0-3BB8DE50ABEE}"
EndProject
Project("{FAE04EC0-301F-11D3-BF4B-00C04F79EFBC}") = "Tyuiu.ParamonovaVA.Sprint1.Task6.V15.Lib", "Tyuiu.ParamonovaVA.Sprint1.Task6.V15.Lib\Tyuiu.ParamonovaVA.Sprint1.Task6.V15.Lib.csproj", "{C42CE60E-2A6D-4014-8254-2895EC337EBF}"
EndProject
Project("{FAE04EC0-301F-11D3-BF4B-00C04F79EFBC}") = "Tyuiu.ParamonovaVA.Sprint1.Task6.V15.Test", "Tyuiu.ParamonovaVA.Sprint1.Task6.V15.Test\Tyuiu.ParamonovaVA.Sprint1.Task6.V15.Test.csproj", "{413E6ED6-2B21-4072-903D-2025AFE59EFE}"
EndProject
Global
	GlobalSection(SolutionConfigurationPlatforms) = preSolution
		Debug|Any CPU = Debug|Any CPU
		Release|Any CPU = Release|Any CPU
	EndGlobalSection
	GlobalSection(ProjectConfigurationPlatforms) = postSolution
		{575C64D2-CF61-461A-B11E-D6AE9F239B4D}.Debug|Any CPU.ActiveCfg = Debug|Any CPU
		{575C64D2-CF61-461A-B11E-D6AE9F239B4D}.Debug|Any CPU.Build.0 = Debug|Any CPU
		{575C64D2-CF61-461A-B11E-D6AE9F239B4D}.Release|Any CPU.ActiveCfg = Release|Any CPU
		{575C64D2-CF61-461A-B11E-D6AE9F239B4D}.Release|Any CPU.Build.0 = Release|Any CPU
		{7C2042CA-00BC-4C88-BACD-0700E6C28E67}.Debug|Any CPU.ActiveCfg = Debug|Any CPU
		{7C2042CA-00BC-4C88-BACD-0700E6C28E67}.Debug|Any CPU.Build.0 = Debug|Any CPU
		{7C2042CA-00BC-4C88-BACD-0700E6C28E67}.Release|Any CPU.ActiveCfg = Release|Any CPU
		{7C2042CA-00BC-4C88-BACD-0700E6C28E67}.Release|Any CPU.Build.0 = Release|Any CPU
		{8C403E61-5A05-40E1-A9B4-1ECCACBB378E}.Debug|Any CPU.ActiveCfg = Debug|Any CPU
		{8C403E61-5A05-40E1-A9B4-1ECCACBB378E}.Debug|Any CPU.Build.0 = Debug|Any CPU
		{8C403E61-5A05-40E1-A9B4-1ECCACBB378E}.Release|Any CPU.ActiveCfg = Release|Any CPU
		{8C403E61-5A05-40E1-A9B4-1ECCACBB378E}.Release|Any CPU.Build.0 = Release|Any CPU
		{EC23E592-0FEE-48BE-9E55-BE810C7983E6}.Debug|Any CPU.ActiveCfg = Debug|Any CPU
		{EC23E592-0FEE-48BE-9E55-BE810C7983E6}.Debug|Any CPU.Build.0 = Debug|Any CPU
		{EC23E592-0FEE-48BE-9E55-BE810C7983E6}.Release|Any CPU.ActiveCfg = Release|Any CPU
		{EC23E592-0FEE-48BE-9E55-BE810C7983E6}.Release|Any CPU.Build.0 = Release|Any CPU
		{36043387-1618-4B42-A663-816B619BD615}.Debug|Any CPU.ActiveCfg = Debug|Any CPU
		{36043387-1618-4B42-A663-816B619BD615}.Debug|Any CPU.Build.0 = Debug|Any CPU
		{36043387-1618-4B42-A663-816B619BD615}.Release|Any CPU.ActiveCfg = Release|Any CPU
		{36043387-1618-4B42-A663-816B619BD615}.Release|Any CPU.Build.0 = Release|Any CPU
		{1E93FBD7-E26A-462A-B118-39687AE3094F}.Debug|Any CPU.ActiveCfg = Debug|Any CPU
		{1E93FBD7-E26A-462A-B118-39687AE3094F}.Debug|Any CPU.Build.0 = Debug|Any CPU
		{1E93FBD7-E26A-462A-B118-39687AE3094F}.Release|Any CPU.ActiveCfg = Release|Any CPU
		{1E93FBD7-E26A-462A-B118-39687AE3094F}.Release|Any CPU.Build.0 = Release|Any CPU
		{60B8FD2D-6419-4F4C-8F49-6228F555213E}.Debug|Any CPU.ActiveCfg = Debug|Any CPU
		{60B8FD2D-6419-4F4C-8F49-6228F555213E}.Debug|Any CPU.Build.0 = Debug|Any CPU
		{60B8FD2D-6419-4F4C-8F49-6228F555213E}.Release|Any CPU.ActiveCfg = Release|Any CPU
		{60B8FD2D-6419-4F4C-8F49-6228F555213E}.Release|Any CPU.Build.0 = Release|Any CPU
		{DE13CB06-8F31-4C70-840E-6958AF95A846}.Debug|Any CPU.ActiveCfg = Debug|Any CPU
		{DE13CB06-8F31-4C70-840E-6958AF95A846}.Debug|Any CPU.Build.0 = Debug|Any CPU
		{DE13CB06-8F31-4C70-840E-6958AF95A846}.Release|Any CPU.ActiveCfg = Release|Any CPU
		{DE13CB06-8F31-4C70-840E-6958AF95A846}.Release|Any CPU.Build.0 = Release|Any CPU
		{541656E3-9322-4D7B-B092-0875A074744F}.Debug|Any CPU.ActiveCfg = Debug|Any CPU
		{541656E3-9322-4D7B-B092-0875A074744F}.Debug|Any CPU.Build.0 = Debug|Any CPU
		{541656E3-9322-4D7B-B092-0875A074744F}.Release|Any CPU.ActiveCfg = Release|Any CPU
		{541656E3-9322-4D7B-B092-0875A074744F}.Release|Any CPU.Build.0 = Release|Any CPU
		{3343B1F4-D86C-4558-AF2D-151C2ED68469}.Debug|Any CPU.ActiveCfg = Debug|Any CPU
		{3343B1F4-D86C-4558-AF2D-151C2ED68469}.Debug|Any CPU.Build.0 = Debug|Any CPU
		{3343B1F4-D86C-4558-AF2D-151C2ED68469}.Release|Any CPU.ActiveCfg = Release|Any CPU
		{3343B1F4-D86C-4558-AF2D-151C2ED68469}.Release|Any CPU.Build.0 = Release|Any CPU
		{EFA6EAE8-D448-4C1B-8D22-8DB19B95177D}.Debug|Any CPU.ActiveCfg = Debug|Any CPU
		{EFA6EAE8-D448-4C1B-8D22-8DB19B95177D}.Debug|Any CPU.Build.0 = Debug|Any CPU
		{EFA6EAE8-D448-4C1B-8D22-8DB19B95177D}.Release|Any CPU.ActiveCfg = Release|Any CPU
		{EFA6EAE8-D448-4C1B-8D22-8DB19B95177D}.Release|Any CPU.Build.0 = Release|Any CPU
		{1A9CB382-8165-4FC1-B634-517754B16660}.Debug|Any CPU.ActiveCfg = Debug|Any CPU
		{1A9CB382-8165-4FC1-B634-517754B16660}.Debug|Any CPU.Build.0 = Debug|Any CPU
		{1A9CB382-8165-4FC1-B634-517754B16660}.Release|Any CPU.ActiveCfg = Release|Any CPU
		{1A9CB382-8165-4FC1-B634-517754B16660}.Release|Any CPU.Build.0 = Release|Any CPU
		{6A3A22C3-B968-4260-8106-E8F5497C6CE3}.Debug|Any CPU.ActiveCfg = Debug|Any CPU
		{6A3A22C3-B968-4260-8106-E8F5497C6CE3}.Debug|Any CPU.Build.0 = Debug|Any CPU
		{6A3A22C3-B968-4260-8106-E8F5497C6CE3}.Release|Any CPU.ActiveCfg = Release|Any CPU
		{6A3A22C3-B968-4260-8106-E8F5497C6CE3}.Release|Any CPU.Build.0 = Release|Any CPU
		{DD099ABE-813D-4712-85FE-FF907814CC50}.Debug|Any CPU.ActiveCfg = Debug|Any CPU
		{DD099ABE-813D-4712-85FE-FF907814CC50}.Debug|Any CPU.Build.0 = Debug|Any CPU
		{DD099ABE-813D-4712-85FE-FF907814CC50}.Release|Any CPU.ActiveCfg = Release|Any CPU
		{DD099ABE-813D-4712-85FE-FF907814CC50}.Release|Any CPU.Build.0 = Release|Any CPU
		{E7909F6E-5C3A-4AE2-BF59-0A4D8CE0B4B3}.Debug|Any CPU.ActiveCfg = Debug|Any CPU
		{E7909F6E-5C3A-4AE2-BF59-0A4D8CE0B4B3}.Debug|Any CPU.Build.0 = Debug|Any CPU
		{E7909F6E-5C3A-4AE2-BF59-0A4D8CE0B4B3}.Release|Any CPU.ActiveCfg = Release|Any CPU
		{E7909F6E-5C3A-4AE2-BF59-0A4D8CE0B4B3}.Release|Any CPU.Build.0 = Release|Any CPU
		{7E0FD5F1-5E80-403B-AC4D-404039FDF931}.Debug|Any CPU.ActiveCfg = Debug|Any CPU
		{7E0FD5F1-5E80-403B-AC4D-404039FDF931}.Debug|Any CPU.Build.0 = Debug|Any CPU
		{7E0FD5F1-5E80-403B-AC4D-404039FDF931}.Release|Any CPU.ActiveCfg = Release|Any CPU
		{7E0FD5F1-5E80-403B-AC4D-404039FDF931}.Release|Any CPU.Build.0 = Release|Any CPU
		{48E1F0F7-3578-4339-B48F-ED5FC9DEE6CC}.Debug|Any CPU.ActiveCfg = Debug|Any CPU
		{48E1F0F7-3578-4339-B48F-ED5FC9DEE6CC}.Debug|Any CPU.Build.0 = Debug|Any CPU
		{48E1F0F7-3578-4339-B48F-ED5FC9DEE6CC}.Release|Any CPU.ActiveCfg = Release|Any CPU
		{48E1F0F7-3578-4339-B48F-ED5FC9DEE6CC}.Release|Any CPU.Build.0 = Release|Any CPU
		{E009059D-3F6C-44C6-9858-EE14FF25EB14}.Debug|Any CPU.ActiveCfg = Debug|Any CPU
		{E009059D-3F6C-44C6-9858-EE14FF25EB14}.Debug|Any CPU.Build.0 = Debug|Any CPU
		{E009059D-3F6C-44C6-9858-EE14FF25EB14}.Release|Any CPU.ActiveCfg = Release|Any CPU
		{E009059D-3F6C-44C6-9858-EE14FF25EB14}.Release|Any CPU.Build.0 = Release|Any CPU
		{8B8ED58C-4BE9-4A5E-9EE0-3BB8DE50ABEE}.Debug|Any CPU.ActiveCfg = Debug|Any CPU
		{8B8ED58C-4BE9-4A5E-9EE0-3BB8DE50ABEE}.Debug|Any CPU.Build.0 = Debug|Any CPU
		{8B8ED58C-4BE9-4A5E-9EE0-3BB8DE50ABEE}.Release|Any CPU.ActiveCfg = Release|Any CPU
		{8B8ED58C-4BE9-4A5E-9EE0-3BB8DE50ABEE}.Release|Any CPU.Build.0 = Release|Any CPU
		{C42CE60E-2A6D-4014-8254-2895EC337EBF}.Debug|Any CPU.ActiveCfg = Debug|Any CPU
		{C42CE60E-2A6D-4014-8254-2895EC337EBF}.Debug|Any CPU.Build.0 = Debug|Any CPU
		{C42CE60E-2A6D-4014-8254-2895EC337EBF}.Release|Any CPU.ActiveCfg = Release|Any CPU
		{C42CE60E-2A6D-4014-8254-2895EC337EBF}.Release|Any CPU.Build.0 = Release|Any CPU
		{413E6ED6-2B21-4072-903D-2025AFE59EFE}.Debug|Any CPU.ActiveCfg = Debug|Any CPU
		{413E6ED6-2B21-4072-903D-2025AFE59EFE}.Debug|Any CPU.Build.0 = Debug|Any CPU
		{413E6ED6-2B21-4072-903D-2025AFE59EFE}.Release|Any CPU.ActiveCfg = Release|Any CPU
		{413E6ED6-2B21-4072-903D-2025AFE59EFE}.Release|Any CPU.Build.0 = Release|Any CPU
	EndGlobalSection
	GlobalSection(SolutionProperties) = preSolution
		HideSolutionNode = FALSE
	EndGlobalSection
	GlobalSection(NestedProjects) = preSolution
		{575C64D2-CF61-461A-B11E-D6AE9F239B4D} = {570956DE-A3A8-4278-B8B9-8DE45DA0D1D0}
		{7C2042CA-00BC-4C88-BACD-0700E6C28E67} = {570956DE-A3A8-4278-B8B9-8DE45DA0D1D0}
		{8C403E61-5A05-40E1-A9B4-1ECCACBB378E} = {570956DE-A3A8-4278-B8B9-8DE45DA0D1D0}
		{EC23E592-0FEE-48BE-9E55-BE810C7983E6} = {9E8B0808-96B7-4A34-A8BC-F04DB29AD4ED}
		{36043387-1618-4B42-A663-816B619BD615} = {9E8B0808-96B7-4A34-A8BC-F04DB29AD4ED}
		{1E93FBD7-E26A-462A-B118-39687AE3094F} = {9E8B0808-96B7-4A34-A8BC-F04DB29AD4ED}
		{60B8FD2D-6419-4F4C-8F49-6228F555213E} = {A3E781A9-7984-4845-9C17-5C4982EB72AA}
		{DE13CB06-8F31-4C70-840E-6958AF95A846} = {A3E781A9-7984-4845-9C17-5C4982EB72AA}
		{541656E3-9322-4D7B-B092-0875A074744F} = {A3E781A9-7984-4845-9C17-5C4982EB72AA}
		{3343B1F4-D86C-4558-AF2D-151C2ED68469} = {04C8C959-B4AE-422D-B225-3BACD4B70BBB}
		{EFA6EAE8-D448-4C1B-8D22-8DB19B95177D} = {04C8C959-B4AE-422D-B225-3BACD4B70BBB}
		{1A9CB382-8165-4FC1-B634-517754B16660} = {04C8C959-B4AE-422D-B225-3BACD4B70BBB}
		{6A3A22C3-B968-4260-8106-E8F5497C6CE3} = {7FD23EE6-E706-4423-AE76-F2BF8A58A315}
		{DD099ABE-813D-4712-85FE-FF907814CC50} = {7FD23EE6-E706-4423-AE76-F2BF8A58A315}
		{E7909F6E-5C3A-4AE2-BF59-0A4D8CE0B4B3} = {7FD23EE6-E706-4423-AE76-F2BF8A58A315}
		{7E0FD5F1-5E80-403B-AC4D-404039FDF931} = {A4322F54-D6F4-4757-9646-A7B703A6F8C2}
		{48E1F0F7-3578-4339-B48F-ED5FC9DEE6CC} = {A4322F54-D6F4-4757-9646-A7B703A6F8C2}
		{E009059D-3F6C-44C6-9858-EE14FF25EB14} = {A4322F54-D6F4-4757-9646-A7B703A6F8C2}
		{8B8ED58C-4BE9-4A5E-9EE0-3BB8DE50ABEE} = {C417861E-8202-4990-8032-EA39CFD92DDD}
		{C42CE60E-2A6D-4014-8254-2895EC337EBF} = {C417861E-8202-4990-8032-EA39CFD92DDD}
		{413E6ED6-2B21-4072-903D-2025AFE59EFE} = {C417861E-8202-4990-8032-EA39CFD92DDD}
	EndGlobalSection
	GlobalSection(ExtensibilityGlobals) = postSolution
		SolutionGuid = {C3190C4E-45A5-4B5D-98DF-BB2F5726A53C}
	EndGlobalSection
EndGlobal
